
Microsoft Visual Studio Solution File, Format Version 12.00
# Visual Studio Version 17
VisualStudioVersion = 17.6.33815.320
MinimumVisualStudioVersion = 10.0.40219.1
Project("{FAE04EC0-301F-11D3-BF4B-00C04F79EFBC}") = "ConsoleApp87", "ConsoleApp87\ConsoleApp87.csproj", "{607DA328-A633-4C7F-A00A-BB676B9844C1}"
EndProject
Global
	GlobalSection(SolutionConfigurationPlatforms) = preSolution
		Debug|Any CPU = Debug|Any CPU
		Release|Any CPU = Release|Any CPU
	EndGlobalSection
	GlobalSection(ProjectConfigurationPlatforms) = postSolution
		{607DA328-A633-4C7F-A00A-BB676B9844C1}.Debug|Any CPU.ActiveCfg = Debug|Any CPU
		{607DA328-A633-4C7F-A00A-BB676B9844C1}.Debug|Any CPU.Build.0 = Debug|Any CPU
		{607DA328-A633-4C7F-A00A-BB676B9844C1}.Release|Any CPU.ActiveCfg = Release|Any CPU
		{607DA328-A633-4C7F-A00A-BB676B9844C1}.Release|Any CPU.Build.0 = Release|Any CPU
	EndGlobalSection
	GlobalSection(SolutionProperties) = preSolution
		HideSolutionNode = FALSE
	EndGlobalSection
	GlobalSection(ExtensibilityGlobals) = postSolution
		SolutionGuid = {280D8E44-BCE7-4883-815B-EFDC4652A9FA}
	EndGlobalSection
EndGlobal
